
Microsoft Visual Studio Solution File, Format Version 12.00
# Visual Studio Version 16
VisualStudioVersion = 16.0.30523.141
MinimumVisualStudioVersion = 10.0.40219.1
Project("{9A19103F-16F7-4668-BE54-9A1E7A4F7556}") = "Shop.UI", "Shop.UI\Shop.UI.csproj", "{1E0764CD-1783-4F8E-A344-F41221B8EF19}"
EndProject
Project("{9A19103F-16F7-4668-BE54-9A1E7A4F7556}") = "Shop.Domain", "Shop.Domain\Shop.Domain.csproj", "{3856D357-4F4F-4143-A634-547BD1532864}"
EndProject
Project("{9A19103F-16F7-4668-BE54-9A1E7A4F7556}") = "Shop.Application", "Shop.Application\Shop.Application.csproj", "{53172886-56D0-4E56-ADD6-3554FFC22897}"
EndProject
Project("{FAE04EC0-301F-11D3-BF4B-00C04F79EFBC}") = "Shop.Database", "Shop.Database\Shop.Database.csproj", "{DA2860FC-A285-4362-ADA5-7B1F0756910A}"
EndProject
Global
	GlobalSection(SolutionConfigurationPlatforms) = preSolution
		Debug|Any CPU = Debug|Any CPU
		Release|Any CPU = Release|Any CPU
	EndGlobalSection
	GlobalSection(ProjectConfigurationPlatforms) = postSolution
		{1E0764CD-1783-4F8E-A344-F41221B8EF19}.Debug|Any CPU.ActiveCfg = Debug|Any CPU
		{1E0764CD-1783-4F8E-A344-F41221B8EF19}.Debug|Any CPU.Build.0 = Debug|Any CPU
		{1E0764CD-1783-4F8E-A344-F41221B8EF19}.Release|Any CPU.ActiveCfg = Release|Any CPU
		{1E0764CD-1783-4F8E-A344-F41221B8EF19}.Release|Any CPU.Build.0 = Release|Any CPU
		{3856D357-4F4F-4143-A634-547BD1532864}.Debug|Any CPU.ActiveCfg = Debug|Any CPU
		{3856D357-4F4F-4143-A634-547BD1532864}.Debug|Any CPU.Build.0 = Debug|Any CPU
		{3856D357-4F4F-4143-A634-547BD1532864}.Release|Any CPU.ActiveCfg = Release|Any CPU
		{3856D357-4F4F-4143-A634-547BD1532864}.Release|Any CPU.Build.0 = Release|Any CPU
		{53172886-56D0-4E56-ADD6-3554FFC22897}.Debug|Any CPU.ActiveCfg = Debug|Any CPU
		{53172886-56D0-4E56-ADD6-3554FFC22897}.Debug|Any CPU.Build.0 = Debug|Any CPU
		{53172886-56D0-4E56-ADD6-3554FFC22897}.Release|Any CPU.ActiveCfg = Release|Any CPU
		{53172886-56D0-4E56-ADD6-3554FFC22897}.Release|Any CPU.Build.0 = Release|Any CPU
		{DA2860FC-A285-4362-ADA5-7B1F0756910A}.Debug|Any CPU.ActiveCfg = Debug|Any CPU
		{DA2860FC-A285-4362-ADA5-7B1F0756910A}.Debug|Any CPU.Build.0 = Debug|Any CPU
		{DA2860FC-A285-4362-ADA5-7B1F0756910A}.Release|Any CPU.ActiveCfg = Release|Any CPU
		{DA2860FC-A285-4362-ADA5-7B1F0756910A}.Release|Any CPU.Build.0 = Release|Any CPU
	EndGlobalSection
	GlobalSection(SolutionProperties) = preSolution
		HideSolutionNode = FALSE
	EndGlobalSection
	GlobalSection(ExtensibilityGlobals) = postSolution
		SolutionGuid = {CD963677-0FE8-4CD0-A748-A5E1F227E4C1}
	EndGlobalSection
EndGlobal
